
Microsoft Visual Studio Solution File, Format Version 12.00
# Visual Studio Version 17
VisualStudioVersion = 17.0.31903.59
MinimumVisualStudioVersion = 10.0.40219.1
Project("{FAE04EC0-301F-11D3-BF4B-00C04F79EFBC}") = "ChatApp.Api", "ChatApp.Api\ChatApp.Api.csproj", "{3D8B5041-EE0C-45DD-A062-5330C0B6990E}"
EndProject
Project("{FAE04EC0-301F-11D3-BF4B-00C04F79EFBC}") = "ChatApp.Domain", "ChatApp.Domain\ChatApp.Domain.csproj", "{3B6191C7-921D-4B2F-AC5F-D589FE672A82}"
EndProject
Project("{FAE04EC0-301F-11D3-BF4B-00C04F79EFBC}") = "ChatApp.Data", "ChatApp.Data\ChatApp.Data.csproj", "{30EAF0C1-74A3-4D8F-BABB-F535442A0959}"
EndProject
Project("{FAE04EC0-301F-11D3-BF4B-00C04F79EFBC}") = "ChatApp.Tests", "ChatApp.Tests\ChatApp.Tests.csproj", "{3373D592-A122-479F-AF8D-F5E165E5BFF8}"
EndProject
Global
	GlobalSection(SolutionConfigurationPlatforms) = preSolution
		Debug|Any CPU = Debug|Any CPU
		Debug|x64 = Debug|x64
		Debug|x86 = Debug|x86
		Release|Any CPU = Release|Any CPU
		Release|x64 = Release|x64
		Release|x86 = Release|x86
	EndGlobalSection
	GlobalSection(ProjectConfigurationPlatforms) = postSolution
		{3D8B5041-EE0C-45DD-A062-5330C0B6990E}.Debug|Any CPU.ActiveCfg = Debug|Any CPU
		{3D8B5041-EE0C-45DD-A062-5330C0B6990E}.Debug|Any CPU.Build.0 = Debug|Any CPU
		{3D8B5041-EE0C-45DD-A062-5330C0B6990E}.Debug|x64.ActiveCfg = Debug|Any CPU
		{3D8B5041-EE0C-45DD-A062-5330C0B6990E}.Debug|x64.Build.0 = Debug|Any CPU
		{3D8B5041-EE0C-45DD-A062-5330C0B6990E}.Debug|x86.ActiveCfg = Debug|Any CPU
		{3D8B5041-EE0C-45DD-A062-5330C0B6990E}.Debug|x86.Build.0 = Debug|Any CPU
		{3D8B5041-EE0C-45DD-A062-5330C0B6990E}.Release|Any CPU.ActiveCfg = Release|Any CPU
		{3D8B5041-EE0C-45DD-A062-5330C0B6990E}.Release|Any CPU.Build.0 = Release|Any CPU
		{3D8B5041-EE0C-45DD-A062-5330C0B6990E}.Release|x64.ActiveCfg = Release|Any CPU
		{3D8B5041-EE0C-45DD-A062-5330C0B6990E}.Release|x64.Build.0 = Release|Any CPU
		{3D8B5041-EE0C-45DD-A062-5330C0B6990E}.Release|x86.ActiveCfg = Release|Any CPU
		{3D8B5041-EE0C-45DD-A062-5330C0B6990E}.Release|x86.Build.0 = Release|Any CPU
		{3B6191C7-921D-4B2F-AC5F-D589FE672A82}.Debug|Any CPU.ActiveCfg = Debug|Any CPU
		{3B6191C7-921D-4B2F-AC5F-D589FE672A82}.Debug|Any CPU.Build.0 = Debug|Any CPU
		{3B6191C7-921D-4B2F-AC5F-D589FE672A82}.Debug|x64.ActiveCfg = Debug|Any CPU
		{3B6191C7-921D-4B2F-AC5F-D589FE672A82}.Debug|x64.Build.0 = Debug|Any CPU
		{3B6191C7-921D-4B2F-AC5F-D589FE672A82}.Debug|x86.ActiveCfg = Debug|Any CPU
		{3B6191C7-921D-4B2F-AC5F-D589FE672A82}.Debug|x86.Build.0 = Debug|Any CPU
		{3B6191C7-921D-4B2F-AC5F-D589FE672A82}.Release|Any CPU.ActiveCfg = Release|Any CPU
		{3B6191C7-921D-4B2F-AC5F-D589FE672A82}.Release|Any CPU.Build.0 = Release|Any CPU
		{3B6191C7-921D-4B2F-AC5F-D589FE672A82}.Release|x64.ActiveCfg = Release|Any CPU
		{3B6191C7-921D-4B2F-AC5F-D589FE672A82}.Release|x64.Build.0 = Release|Any CPU
		{3B6191C7-921D-4B2F-AC5F-D589FE672A82}.Release|x86.ActiveCfg = Release|Any CPU
		{3B6191C7-921D-4B2F-AC5F-D589FE672A82}.Release|x86.Build.0 = Release|Any CPU
		{30EAF0C1-74A3-4D8F-BABB-F535442A0959}.Debug|Any CPU.ActiveCfg = Debug|Any CPU
		{30EAF0C1-74A3-4D8F-BABB-F535442A0959}.Debug|Any CPU.Build.0 = Debug|Any CPU
		{30EAF0C1-74A3-4D8F-BABB-F535442A0959}.Debug|x64.ActiveCfg = Debug|Any CPU
		{30EAF0C1-74A3-4D8F-BABB-F535442A0959}.Debug|x64.Build.0 = Debug|Any CPU
		{30EAF0C1-74A3-4D8F-BABB-F535442A0959}.Debug|x86.ActiveCfg = Debug|Any CPU
		{30EAF0C1-74A3-4D8F-BABB-F535442A0959}.Debug|x86.Build.0 = Debug|Any CPU
		{30EAF0C1-74A3-4D8F-BABB-F535442A0959}.Release|Any CPU.ActiveCfg = Release|Any CPU
		{30EAF0C1-74A3-4D8F-BABB-F535442A0959}.Release|Any CPU.Build.0 = Release|Any CPU
		{30EAF0C1-74A3-4D8F-BABB-F535442A0959}.Release|x64.ActiveCfg = Release|Any CPU
		{30EAF0C1-74A3-4D8F-BABB-F535442A0959}.Release|x64.Build.0 = Release|Any CPU
		{30EAF0C1-74A3-4D8F-BABB-F535442A0959}.Release|x86.ActiveCfg = Release|Any CPU
		{30EAF0C1-74A3-4D8F-BABB-F535442A0959}.Release|x86.Build.0 = Release|Any CPU
		{3373D592-A122-479F-AF8D-F5E165E5BFF8}.Debug|Any CPU.ActiveCfg = Debug|Any CPU
		{3373D592-A122-479F-AF8D-F5E165E5BFF8}.Debug|Any CPU.Build.0 = Debug|Any CPU
		{3373D592-A122-479F-AF8D-F5E165E5BFF8}.Debug|x64.ActiveCfg = Debug|Any CPU
		{3373D592-A122-479F-AF8D-F5E165E5BFF8}.Debug|x64.Build.0 = Debug|Any CPU
		{3373D592-A122-479F-AF8D-F5E165E5BFF8}.Debug|x86.ActiveCfg = Debug|Any CPU
		{3373D592-A122-479F-AF8D-F5E165E5BFF8}.Debug|x86.Build.0 = Debug|Any CPU
		{3373D592-A122-479F-AF8D-F5E165E5BFF8}.Release|Any CPU.ActiveCfg = Release|Any CPU
		{3373D592-A122-479F-AF8D-F5E165E5BFF8}.Release|Any CPU.Build.0 = Release|Any CPU
		{3373D592-A122-479F-AF8D-F5E165E5BFF8}.Release|x64.ActiveCfg = Release|Any CPU
		{3373D592-A122-479F-AF8D-F5E165E5BFF8}.Release|x64.Build.0 = Release|Any CPU
		{3373D592-A122-479F-AF8D-F5E165E5BFF8}.Release|x86.ActiveCfg = Release|Any CPU
		{3373D592-A122-479F-AF8D-F5E165E5BFF8}.Release|x86.Build.0 = Release|Any CPU
	EndGlobalSection
	GlobalSection(SolutionProperties) = preSolution
		HideSolutionNode = FALSE
	EndGlobalSection
EndGlobal
